
Microsoft Visual Studio Solution File, Format Version 12.00
# Visual Studio Version 16
VisualStudioVersion = 16.0.29806.167
MinimumVisualStudioVersion = 10.0.40219.1
Project("{FAE04EC0-301F-11D3-BF4B-00C04F79EFBC}") = "DrugDocuments", "DrugDocuments\DrugDocuments.csproj", "{99780EEE-027B-43EB-A5A5-52E7F61C7B01}"
EndProject
Global
	GlobalSection(SolutionConfigurationPlatforms) = preSolution
		Debug|Any CPU = Debug|Any CPU
		Release|Any CPU = Release|Any CPU
	EndGlobalSection
	GlobalSection(ProjectConfigurationPlatforms) = postSolution
		{99780EEE-027B-43EB-A5A5-52E7F61C7B01}.Debug|Any CPU.ActiveCfg = Debug|Any CPU
		{99780EEE-027B-43EB-A5A5-52E7F61C7B01}.Debug|Any CPU.Build.0 = Debug|Any CPU
		{99780EEE-027B-43EB-A5A5-52E7F61C7B01}.Release|Any CPU.ActiveCfg = Release|Any CPU
		{99780EEE-027B-43EB-A5A5-52E7F61C7B01}.Release|Any CPU.Build.0 = Release|Any CPU
	EndGlobalSection
	GlobalSection(SolutionProperties) = preSolution
		HideSolutionNode = FALSE
	EndGlobalSection
	GlobalSection(ExtensibilityGlobals) = postSolution
		SolutionGuid = {A9226011-3DE5-4CF9-8297-A0BFB501BA0C}
	EndGlobalSection
EndGlobal
